
Microsoft Visual Studio Solution File, Format Version 12.00
Project("{FAE04EC0-301F-11D3-BF4B-00C04F79EFBC}") = "Core", "Core\Core.csproj", "{07ED25BA-743E-4043-98CA-7D7BA594D665}"
EndProject
Project("{FAE04EC0-301F-11D3-BF4B-00C04F79EFBC}") = "E.Final.Tests", "E.Final.Tests\E.Final.Tests.csproj", "{7A402A23-8CC7-4C67-9702-FB7AE9927819}"
	ProjectSection(ProjectDependencies) = postProject
		{07ED25BA-743E-4043-98CA-7D7BA594D665} = {07ED25BA-743E-4043-98CA-7D7BA594D665}
	EndProjectSection
EndProject
Project("{FAE04EC0-301F-11D3-BF4B-00C04F79EFBC}") = "A.BasicImplementation.Tests", "A.BasicImplementation.Tests\A.BasicImplementation.Tests.csproj", "{06AE5CAD-E247-4A01-953C-719B7F4DBE5E}"
EndProject
Project("{FAE04EC0-301F-11D3-BF4B-00C04F79EFBC}") = "B.AdditionalScenarios.Tests", "B.AdditionalScenarios.Tests\B.AdditionalScenarios.Tests.csproj", "{D94CDED2-8D3A-4623-974C-4A8DFBB1B1A0}"
EndProject
Project("{FAE04EC0-301F-11D3-BF4B-00C04F79EFBC}") = "C.Hooks.Tests", "C.Hooks.Tests\C.Hooks.Tests.csproj", "{E3C99CD3-B9FF-4A15-AEE7-D0D58A095031}"
EndProject
Project("{FAE04EC0-301F-11D3-BF4B-00C04F79EFBC}") = "D.AdvancedConcepts.Tests", "D.AdvancedConcepts.Tests\D.AdvancedConcepts.Tests.csproj", "{001AE5EC-8BD9-478C-B3DB-259F9776C7C9}"
EndProject
Global
	GlobalSection(SolutionConfigurationPlatforms) = preSolution
		Debug|Any CPU = Debug|Any CPU
		Release|Any CPU = Release|Any CPU
	EndGlobalSection
	GlobalSection(ProjectConfigurationPlatforms) = postSolution
		{07ED25BA-743E-4043-98CA-7D7BA594D665}.Debug|Any CPU.ActiveCfg = Debug|Any CPU
		{07ED25BA-743E-4043-98CA-7D7BA594D665}.Debug|Any CPU.Build.0 = Debug|Any CPU
		{07ED25BA-743E-4043-98CA-7D7BA594D665}.Release|Any CPU.ActiveCfg = Release|Any CPU
		{07ED25BA-743E-4043-98CA-7D7BA594D665}.Release|Any CPU.Build.0 = Release|Any CPU
		{7A402A23-8CC7-4C67-9702-FB7AE9927819}.Debug|Any CPU.ActiveCfg = Debug|Any CPU
		{7A402A23-8CC7-4C67-9702-FB7AE9927819}.Debug|Any CPU.Build.0 = Debug|Any CPU
		{7A402A23-8CC7-4C67-9702-FB7AE9927819}.Release|Any CPU.ActiveCfg = Release|Any CPU
		{7A402A23-8CC7-4C67-9702-FB7AE9927819}.Release|Any CPU.Build.0 = Release|Any CPU
		{06AE5CAD-E247-4A01-953C-719B7F4DBE5E}.Debug|Any CPU.ActiveCfg = Debug|Any CPU
		{06AE5CAD-E247-4A01-953C-719B7F4DBE5E}.Debug|Any CPU.Build.0 = Debug|Any CPU
		{06AE5CAD-E247-4A01-953C-719B7F4DBE5E}.Release|Any CPU.ActiveCfg = Release|Any CPU
		{06AE5CAD-E247-4A01-953C-719B7F4DBE5E}.Release|Any CPU.Build.0 = Release|Any CPU
		{D94CDED2-8D3A-4623-974C-4A8DFBB1B1A0}.Debug|Any CPU.ActiveCfg = Debug|Any CPU
		{D94CDED2-8D3A-4623-974C-4A8DFBB1B1A0}.Debug|Any CPU.Build.0 = Debug|Any CPU
		{D94CDED2-8D3A-4623-974C-4A8DFBB1B1A0}.Release|Any CPU.ActiveCfg = Release|Any CPU
		{D94CDED2-8D3A-4623-974C-4A8DFBB1B1A0}.Release|Any CPU.Build.0 = Release|Any CPU
		{E3C99CD3-B9FF-4A15-AEE7-D0D58A095031}.Debug|Any CPU.ActiveCfg = Debug|Any CPU
		{E3C99CD3-B9FF-4A15-AEE7-D0D58A095031}.Debug|Any CPU.Build.0 = Debug|Any CPU
		{E3C99CD3-B9FF-4A15-AEE7-D0D58A095031}.Release|Any CPU.ActiveCfg = Release|Any CPU
		{E3C99CD3-B9FF-4A15-AEE7-D0D58A095031}.Release|Any CPU.Build.0 = Release|Any CPU
		{001AE5EC-8BD9-478C-B3DB-259F9776C7C9}.Debug|Any CPU.ActiveCfg = Debug|Any CPU
		{001AE5EC-8BD9-478C-B3DB-259F9776C7C9}.Debug|Any CPU.Build.0 = Debug|Any CPU
		{001AE5EC-8BD9-478C-B3DB-259F9776C7C9}.Release|Any CPU.ActiveCfg = Release|Any CPU
		{001AE5EC-8BD9-478C-B3DB-259F9776C7C9}.Release|Any CPU.Build.0 = Release|Any CPU
	EndGlobalSection
EndGlobal
